{
  "name": "sean-agentic-orchestrator",
  "version": "2.3.1",
  "lockfileVersion": 3,
  "requires": true,
  "packages": {
    "": {
      "name": "sean-agentic-orchestrator",
      "version": "2.3.1",
      "hasInstallScript": true,
      "license": "MIT",
      "bin": {
        "install-agentic-orchestrator": "scripts/install.js"
      }
    }
  }
}
